<?xml version="1.0" encoding="utf-8"?>
<Project ToolsVersion="4.0" xmlns="http://schemas.microsoft.com/developer/msbuild/2003">
  <ItemGroup>
    <Filter Include="Header Files">
      <UniqueIdentifier>{93995380-89BD-4b04-88EB-625FBE52EBFB}</UniqueIdentifier>
      <Extensions>h;hh;hpp;hxx;hm;inl;inc;xsd</Extensions>
    </Filter>
    <Filter Include="Resource Files">
      <UniqueIdentifier>{67DA6AB6-F800-4c08-8B7A-83BB121AAD01}</UniqueIdentifier>
      <Extensions>rc;ico;cur;bmp;dlg;rc2;rct;bin;rgs;gif;jpg;jpeg;jpe;resx;tiff;tif;png;wav;mfcribbon-ms</Extensions>
    </Filter>
    <Filter Include="Source Files">
      <UniqueIdentifier>{4FC737F1-C7A5-4376-A066-2A32D752A2FF}</UniqueIdentifier>
      <Extensions>cpp;c;cc;cxx;def;odl;idl;hpj;bat;asm;asmx</Extensions>
    </Filter>
    <Filter Include="Header Files\Engine">
      <UniqueIdentifier>{e77ae129-6b2d-4639-af99-07c0208afd8c}</UniqueIdentifier>
    </Filter>
    <Filter Include="Header Files\Engine\Managers">
      <UniqueIdentifier>{bfc217ee-c154-48fc-83af-56b5741081d7}</UniqueIdentifier>
    </Filter>
    <Filter Include="Header Files\Engine\Input">
      <UniqueIdentifier>{6485cda9-5e63-48ca-a7a7-ac9807271cfa}</UniqueIdentifier>
    </Filter>
    <Filter Include="Header Files\Engine\Core">
      <UniqueIdentifier>{26d183be-c11b-46b1-bd8d-7685d0881540}</UniqueIdentifier>
    </Filter>
    <Filter Include="Header Files\Engine\Objects">
      <UniqueIdentifier>{3702a8a3-4cff-475f-8fc6-570f008d4a42}</UniqueIdentifier>
    </Filter>
    <Filter Include="Source Files\Engine">
      <UniqueIdentifier>{3fb65ca5-88b7-4032-afda-21c12ec2c7c7}</UniqueIdentifier>
    </Filter>
    <Filter Include="Source Files\Engine\Core">
      <UniqueIdentifier>{7ba1ae7e-95ce-4382-b09c-9f7742dd8fa1}</UniqueIdentifier>
    </Filter>
    <Filter Include="Source Files\Engine\Input">
      <UniqueIdentifier>{3a3cdfb7-c9d7-49d4-a87b-a746db97c55f}</UniqueIdentifier>
    </Filter>
    <Filter Include="Source Files\Engine\Managers">
      <UniqueIdentifier>{47581c8f-7d75-426a-b441-62bceea9e79f}</UniqueIdentifier>
    </Filter>
    <Filter Include="Source Files\Engine\Objects">
      <UniqueIdentifier>{e04efc8f-6076-43cd-8456-12384710fd9a}</UniqueIdentifier>
    </Filter>
    <Filter Include="Header Files\Game">
      <UniqueIdentifier>{5c622b7b-2ff4-43eb-868c-f35d57eef51b}</UniqueIdentifier>
    </Filter>
    <Filter Include="Source Files\Game">
      <UniqueIdentifier>{da2c94ef-756c-4a93-b985-b1714732a605}</UniqueIdentifier>
    </Filter>
    <Filter Include="Source Files\Game\GameMap">
      <UniqueIdentifier>{3e581340-ac21-495e-ad00-800cb7b541bc}</UniqueIdentifier>
    </Filter>
    <Filter Include="Header Files\Game\GameMap">
      <UniqueIdentifier>{bc5a4fbd-142b-424b-ac36-1884f0690983}</UniqueIdentifier>
    </Filter>
    <Filter Include="Header Files\Game\Entities">
      <UniqueIdentifier>{d209084a-98a4-48b7-a72f-b0cb90fb8ac4}</UniqueIdentifier>
    </Filter>
    <Filter Include="Source Files\Game\Entities">
      <UniqueIdentifier>{6b761537-f148-424e-9f0f-d873a825f07a}</UniqueIdentifier>
    </Filter>
    <Filter Include="Source Files\Game\UI">
      <UniqueIdentifier>{0b7e7faa-4232-4b56-a466-7dcf7b06f122}</UniqueIdentifier>
    </Filter>
    <Filter Include="Header Files\Game\UI">
      <UniqueIdentifier>{6ad5abfd-6c58-4f7d-a93d-f6b5a3527600}</UniqueIdentifier>
    </Filter>
  </ItemGroup>
  <ItemGroup>
    <ClCompile Include="..\Classes\src\Objects\Node.cpp">
      <Filter>Source Files\Engine\Objects</Filter>
    </ClCompile>
    <ClCompile Include="..\Classes\src\Objects\Sprite.cpp">
      <Filter>Source Files\Engine\Objects</Filter>
    </ClCompile>
    <ClCompile Include="..\Classes\src\Managers\TextureManager.cpp">
      <Filter>Source Files\Engine\Managers</Filter>
    </ClCompile>
    <ClCompile Include="..\Classes\src\Managers\Keeper.cpp">
      <Filter>Source Files\Engine\Managers</Filter>
    </ClCompile>
    <ClCompile Include="..\Classes\src\Objects\Scene.cpp">
      <Filter>Source Files\Engine\Objects</Filter>
    </ClCompile>
    <ClCompile Include="..\Classes\src\Managers\SceneManager.cpp">
      <Filter>Source Files\Engine\Managers</Filter>
    </ClCompile>
    <ClCompile Include="..\Classes\src\Objects\AnimatedSprite.cpp">
      <Filter>Source Files\Engine\Objects</Filter>
    </ClCompile>
    <ClCompile Include="..\Classes\src\Objects\TextLabel.cpp">
      <Filter>Source Files\Engine\Objects</Filter>
    </ClCompile>
    <ClCompile Include="..\Classes\src\Input\KeyboardEventHolder.cpp">
      <Filter>Source Files\Engine\Input</Filter>
    </ClCompile>
    <ClCompile Include="..\Classes\src\Input\EventHandler.cpp">
      <Filter>Source Files\Engine\Input</Filter>
    </ClCompile>
    <ClCompile Include="..\Classes\src\Input\MouseEventHolder.cpp">
      <Filter>Source Files\Engine\Input</Filter>
    </ClCompile>
    <ClCompile Include="..\Classes\src\Game.cpp">
      <Filter>Source Files\Engine</Filter>
    </ClCompile>
    <ClCompile Include="main.cpp">
      <Filter>Source Files\Engine</Filter>
    </ClCompile>
    <ClCompile Include="..\Classes\GameScene.cpp">
      <Filter>Source Files\Game</Filter>
    </ClCompile>
    <ClCompile Include="..\Classes\Game\GameMap\GameField.cpp">
      <Filter>Source Files\Game\GameMap</Filter>
    </ClCompile>
    <ClCompile Include="..\Classes\Game\GameMap\GameMap.cpp">
      <Filter>Source Files\Game\GameMap</Filter>
    </ClCompile>
    <ClCompile Include="..\Classes\Game\Entities\Creature.cpp">
      <Filter>Source Files\Game\Entities</Filter>
    </ClCompile>
    <ClCompile Include="..\Classes\Game\Entities\Fighter.cpp">
      <Filter>Source Files\Game\Entities</Filter>
    </ClCompile>
    <ClCompile Include="..\Classes\Game\Entities\Item.cpp">
      <Filter>Source Files\Game\Entities</Filter>
    </ClCompile>
    <ClCompile Include="..\Classes\Game\Entities\Ranger.cpp">
      <Filter>Source Files\Game\Entities</Filter>
    </ClCompile>
    <ClCompile Include="..\Classes\Game\Entities\Warrior.cpp">
      <Filter>Source Files\Game\Entities</Filter>
    </ClCompile>
    <ClCompile Include="..\Classes\Game\UI\CurrentStats.cpp">
      <Filter>Source Files\Game\UI</Filter>
    </ClCompile>
  </ItemGroup>
  <ItemGroup>
    <ClInclude Include="..\Classes\include\Objects\Node.h">
      <Filter>Header Files\Engine\Objects</Filter>
    </ClInclude>
    <ClInclude Include="..\Classes\include\Core\Vec2.h">
      <Filter>Header Files\Engine\Core</Filter>
    </ClInclude>
    <ClInclude Include="..\Classes\include\Objects\Sprite.h">
      <Filter>Header Files\Engine\Objects</Filter>
    </ClInclude>
    <ClInclude Include="..\Classes\include\Managers\TextureManager.h">
      <Filter>Header Files\Engine\Managers</Filter>
    </ClInclude>
    <ClInclude Include="..\Classes\include\Managers\Keeper.h">
      <Filter>Header Files\Engine\Managers</Filter>
    </ClInclude>
    <ClInclude Include="..\Classes\include\Objects\Scene.h">
      <Filter>Header Files\Engine\Objects</Filter>
    </ClInclude>
    <ClInclude Include="..\Classes\include\Managers\SceneManager.h">
      <Filter>Header Files\Engine\Managers</Filter>
    </ClInclude>
    <ClInclude Include="..\Classes\include\Core\GlobalDefines.h">
      <Filter>Header Files\Engine\Core</Filter>
    </ClInclude>
    <ClInclude Include="..\Classes\include\Core\Logger.h">
      <Filter>Header Files\Engine\Core</Filter>
    </ClInclude>
    <ClInclude Include="..\Classes\include\Objects\Updatable.h">
      <Filter>Header Files\Engine\Objects</Filter>
    </ClInclude>
    <ClInclude Include="..\Classes\include\Objects\AnimatedSprite.h">
      <Filter>Header Files\Engine\Objects</Filter>
    </ClInclude>
    <ClInclude Include="..\Classes\include\Objects\TextLabel.h">
      <Filter>Header Files\Engine\Objects</Filter>
    </ClInclude>
    <ClInclude Include="..\Classes\include\Input\KeyboardEventHolder.h">
      <Filter>Header Files\Engine\Input</Filter>
    </ClInclude>
    <ClInclude Include="..\Classes\include\Input\EventHandler.h">
      <Filter>Header Files\Engine\Input</Filter>
    </ClInclude>
    <ClInclude Include="..\Classes\include\Input\MouseEventHolder.h">
      <Filter>Header Files\Engine\Input</Filter>
    </ClInclude>
    <ClInclude Include="..\Classes\include\Game.h">
      <Filter>Header Files\Engine</Filter>
    </ClInclude>
    <ClInclude Include="..\Classes\GameScene.h">
      <Filter>Header Files\Game</Filter>
    </ClInclude>
    <ClInclude Include="..\Classes\Game\GameMap\Field.h">
      <Filter>Header Files\Game\GameMap</Filter>
    </ClInclude>
    <ClInclude Include="..\Classes\Game\GameMap\GameField.h">
      <Filter>Header Files\Game\GameMap</Filter>
    </ClInclude>
    <ClInclude Include="..\Classes\Game\GameMap\GameMap.h">
      <Filter>Header Files\Game\GameMap</Filter>
    </ClInclude>
    <ClInclude Include="..\Classes\Game\GameMap\Map.h">
      <Filter>Header Files\Game\GameMap</Filter>
    </ClInclude>
    <ClInclude Include="..\Classes\Game\Entities\Creature.h">
      <Filter>Header Files\Game\Entities</Filter>
    </ClInclude>
    <ClInclude Include="..\Classes\Game\Entities\Warrior.h">
      <Filter>Header Files\Game\Entities</Filter>
    </ClInclude>
    <ClInclude Include="..\Classes\Game\Entities\Fighter.h">
      <Filter>Header Files\Game\Entities</Filter>
    </ClInclude>
    <ClInclude Include="..\Classes\Game\Entities\Item.h">
      <Filter>Header Files\Game\Entities</Filter>
    </ClInclude>
    <ClInclude Include="..\Classes\Game\Entities\Ranger.h">
      <Filter>Header Files\Game\Entities</Filter>
    </ClInclude>
    <ClInclude Include="..\Classes\Game\Entities\Stats.h">
      <Filter>Header Files\Game\Entities</Filter>
    </ClInclude>
    <ClInclude Include="..\Classes\Game\UI\CurrentStats.h">
      <Filter>Header Files\Game\UI</Filter>
    </ClInclude>
  </ItemGroup>
  <ItemGroup>
    <None Include="packages.config" />
  </ItemGroup>
</Project>